// !$*UTF8*$!
{
	archiveVersion = 1;
	classes = {
	};
	objectVersion = 50;
	objects = {

/* Begin PBXBuildFile section */
		FBC6F1D1240D68CB008963E3 /* AppDelegate.swift in Sources */ = {isa = PBXBuildFile; fileRef = FBC6F1D0240D68CB008963E3 /* AppDelegate.swift */; };
		FBC6F1D3240D68CB008963E3 /* SceneDelegate.swift in Sources */ = {isa = PBXBuildFile; fileRef = FBC6F1D2240D68CB008963E3 /* SceneDelegate.swift */; };
		FBC6F1D5240D68CB008963E3 /* ViewController.swift in Sources */ = {isa = PBXBuildFile; fileRef = FBC6F1D4240D68CB008963E3 /* ViewController.swift */; };
		FBC6F1D8240D68CB008963E3 /* Main.storyboard in Resources */ = {isa = PBXBuildFile; fileRef = FBC6F1D6240D68CB008963E3 /* Main.storyboard */; };
		FBC6F1DA240D68CC008963E3 /* Assets.xcassets in Resources */ = {isa = PBXBuildFile; fileRef = FBC6F1D9240D68CC008963E3 /* Assets.xcassets */; };
		FBC6F1DD240D68CC008963E3 /* LaunchScreen.storyboard in Resources */ = {isa = PBXBuildFile; fileRef = FBC6F1DB240D68CC008963E3 /* LaunchScreen.storyboard */; };
		FBC6F1E5240D6EFE008963E3 /* ViewControllerDetalle.swift in Sources */ = {isa = PBXBuildFile; fileRef = FBC6F1E4240D6EFE008963E3 /* ViewControllerDetalle.swift */; };
/* End PBXBuildFile section */

/* Begin PBXFileReference section */
		FBC6F1CD240D68CB008963E3 /* appTableView.app */ = {isa = PBXFileReference; explicitFileType = wrapper.application; includeInIndex = 0; path = appTableView.app; sourceTree = BUILT_PRODUCTS_DIR; };
		FBC6F1D0240D68CB008963E3 /* AppDelegate.swift */ = {isa = PBXFileReference; lastKnownFileType = sourcecode.swift; path = AppDelegate.swift; sourceTree = "<group>"; };
		FBC6F1D2240D68CB008963E3 /* SceneDelegate.swift */ = {isa = PBXFileReference; lastKnownFileType = sourcecode.swift; path = SceneDelegate.swift; sourceTree = "<group>"; };
		FBC6F1D4240D68CB008963E3 /* ViewController.swift */ = {isa = PBXFileReference; lastKnownFileType = sourcecode.swift; path = ViewController.swift; sourceTree = "<group>"; };
		FBC6F1D7240D68CB008963E3 /* Base */ = {isa = PBXFileReference; lastKnownFileType = file.storyboard; name = Base; path = Base.lproj/Main.storyboard; sourceTree = "<group>"; };
		FBC6F1D9240D68CC008963E3 /* Assets.xcassets */ = {isa = PBXFileReference; lastKnownFileType = folder.assetcatalog; path = Assets.xcassets; sourceTree = "<group>"; };
		FBC6F1DC240D68CC008963E3 /* Base */ = {isa = PBXFileReference; lastKnownFileType = file.storyboard; name = Base; path = Base.lproj/LaunchScreen.storyboard; sourceTree = "<group>"; };
		FBC6F1DE240D68CC008963E3 /* Info.plist */ = {isa = PBXFileReference; lastKnownFileType = text.plist.xml; path = Info.plist; sourceTree = "<group>"; };
		FBC6F1E4240D6EFE008963E3 /* ViewControllerDetalle.swift */ = {isa = PBXFileReference; lastKnownFileType = sourcecode.swift; path = ViewControllerDetalle.swift; sourceTree = "<group>"; };
/* End PBXFileReference section */

/* Begin PBXFrameworksBuildPhase section */
		FBC6F1CA240D68CB008963E3 /* Frameworks */ = {
			isa = PBXFrameworksBuildPhase;
			buildActionMask = 2147483647;
			files = (
			);
			runOnlyForDeploymentPostprocessing = 0;
		};
/* End PBXFrameworksBuildPhase section */

/* Begin PBXGroup section */
		FBC6F1C4240D68CB008963E3 = {
			isa = PBXGroup;
			children = (
				FBC6F1CF240D68CB008963E3 /* appTableView */,
				FBC6F1CE240D68CB008963E3 /* Products */,
			);
			sourceTree = "<group>";
		};
		FBC6F1CE240D68CB008963E3 /* Products */ = {
			isa = PBXGroup;
			children = (
				FBC6F1CD240D68CB008963E3 /* appTableView.app */,
			);
			name = Products;
			sourceTree = "<group>";
		};
		FBC6F1CF240D68CB008963E3 /* appTableView */ = {
			isa = PBXGroup;
			children = (
				FBC6F1D0240D68CB008963E3 /* AppDelegate.swift */,
				FBC6F1D2240D68CB008963E3 /* SceneDelegate.swift */,
				FBC6F1D4240D68CB008963E3 /* ViewController.swift */,
				FBC6F1D6240D68CB008963E3 /* Main.storyboard */,
				FBC6F1E4240D6EFE008963E3 /* ViewControllerDetalle.swift */,
				FBC6F1D9240D68CC008963E3 /* Assets.xcassets */,
				FBC6F1DB240D68CC008963E3 /* LaunchScreen.storyboard */,
				FBC6F1DE240D68CC008963E3 /* Info.plist */,
			);
			path = appTableView;
			sourceTree = "<group>";
		};
/* End PBXGroup section */

/* Begin PBXNativeTarget section */
		FBC6F1CC240D68CB008963E3 /* appTableView */ = {
			isa = PBXNativeTarget;
			buildConfigurationList = FBC6F1E1240D68CC008963E3 /* Build configuration list for PBXNativeTarget "appTableView" */;
			buildPhases = (
				FBC6F1C9240D68CB008963E3 /* Sources */,
				FBC6F1CA240D68CB008963E3 /* Frameworks */,
				FBC6F1CB240D68CB008963E3 /* Resources */,
			);
			buildRules = (
			);
			dependencies = (
			);
			name = appTableView;
			productName = appTableView;
			productReference = FBC6F1CD240D68CB008963E3 /* appTableView.app */;
			productType = "com.apple.product-type.application";
		};
/* End PBXNativeTarget section */

/* Begin PBXProject section */
		FBC6F1C5240D68CB008963E3 /* Project object */ = {
			isa = PBXProject;
			attributes = {
				LastSwiftUpdateCheck = 1130;
				LastUpgradeCheck = 1130;
				ORGANIZATIONNAME = Alumno;
				TargetAttributes = {
					FBC6F1CC240D68CB008963E3 = {
						CreatedOnToolsVersion = 11.3.1;
					};
				};
			};
			buildConfigurationList = FBC6F1C8240D68CB008963E3 /* Build configuration list for PBXProject "appTableView" */;
			compatibilityVersion = "Xcode 9.3";
			developmentRegion = en;
			hasScannedForEncodings = 0;
			knownRegions = (
				en,
				Base,
			);
			mainGroup = FBC6F1C4240D68CB008963E3;
			productRefGroup = FBC6F1CE240D68CB008963E3 /* Products */;
			projectDirPath = "";
			projectRoot = "";
			targets = (
				FBC6F1CC240D68CB008963E3 /* appTableView */,
			);
		};
/* End PBXProject section */

/* Begin PBXResourcesBuildPhase section */
		FBC6F1CB240D68CB008963E3 /* Resources */ = {
			isa = PBXResourcesBuildPhase;
			buildActionMask = 2147483647;
			files = (
				FBC6F1DD240D68CC008963E3 /* LaunchScreen.storyboard in Resources */,
				FBC6F1DA240D68CC008963E3 /* Assets.xcassets in Resources */,
				FBC6F1D8240D68CB008963E3 /* Main.storyboard in Resources */,
			);
			runOnlyForDeploymentPostprocessing = 0;
		};
/* End PBXResourcesBuildPhase section */

/* Begin PBXSourcesBuildPhase section */
		FBC6F1C9240D68CB008963E3 /* Sources */ = {
			isa = PBXSourcesBuildPhase;
			buildActionMask = 2147483647;
			files = (
				FBC6F1E5240D6EFE008963E3 /* ViewControllerDetalle.swift in Sources */,
				FBC6F1D5240D68CB008963E3 /* ViewController.swift in Sources */,
				FBC6F1D1240D68CB008963E3 /* AppDelegate.swift in Sources */,
				FBC6F1D3240D68CB008963E3 /* SceneDelegate.swift in Sources */,
			);
			runOnlyForDeploymentPostprocessing = 0;
		};
/* End PBXSourcesBuildPhase section */

/* Begin PBXVariantGroup section */
		FBC6F1D6240D68CB008963E3 /* Main.storyboard */ = {
			isa = PBXVariantGroup;
			children = (
				FBC6F1D7240D68CB008963E3 /* Base */,
			);
			name = Main.storyboard;
			sourceTree = "<group>";
		};
		FBC6F1DB240D68CC008963E3 /* LaunchScreen.storyboard */ = {
			isa = PBXVariantGroup;
			children = (
				FBC6F1DC240D68CC008963E3 /* Base */,
			);
			name = LaunchScreen.storyboard;
			sourceTree = "<group>";
		};
/* End PBXVariantGroup section */

/* Begin XCBuildConfiguration section */
		FBC6F1DF240D68CC008963E3 /* Debug */ = {
			isa = XCBuildConfiguration;
			buildSettings = {
				ALWAYS_SEARCH_USER_PATHS = NO;
				CLANG_ANALYZER_NONNULL = YES;
				CLANG_ANALYZER_NUMBER_OBJECT_CONVERSION = YES_AGGRESSIVE;
				CLANG_CXX_LANGUAGE_STANDARD = "gnu++14";
				CLANG_CXX_LIBRARY = "libc++";
				CLANG_ENABLE_MODULES = YES;
				CLANG_ENABLE_OBJC_ARC = YES;
				CLANG_ENABLE_OBJC_WEAK = YES;
				CLANG_WARN_BLOCK_CAPTURE_AUTORELEASING = YES;
				CLANG_WARN_BOOL_CONVERSION = YES;
				CLANG_WARN_COMMA = YES;
				CLANG_WARN_CONSTANT_CONVERSION = YES;
				CLANG_WARN_DEPRECATED_OBJC_IMPLEMENTATIONS = YES;
				CLANG_WARN_DIRECT_OBJC_ISA_USAGE = YES_ERROR;
				CLANG_WARN_DOCUMENTATION_COMMENTS = YES;
				CLANG_WARN_EMPTY_BODY = YES;
				CLANG_WARN_ENUM_CONVERSION = YES;
				CLANG_WARN_INFINITE_RECURSION = YES;
				CLANG_WARN_INT_CONVERSION = YES;
				CLANG_WARN_NON_LITERAL_NULL_CONVERSION = YES;
				CLANG_WARN_OBJC_IMPLICIT_RETAIN_SELF = YES;
				CLANG_WARN_OBJC_LITERAL_CONVERSION = YES;
				CLANG_WARN_OBJC_ROOT_CLASS = YES_ERROR;
				CLANG_WARN_RANGE_LOOP_ANALYSIS = YES;
				CLANG_WARN_STRICT_PROTOTYPES = YES;
				CLANG_WARN_SUSPICIOUS_MOVE = YES;
				CLANG_WARN_UNGUARDED_AVAILABILITY = YES_AGGRESSIVE;
				CLANG_WARN_UNREACHABLE_CODE = YES;
				CLANG_WARN__DUPLICATE_METHOD_MATCH = YES;
				COPY_PHASE_STRIP = NO;
				DEBUG_INFORMATION_FORMAT = dwarf;
				ENABLE_STRICT_OBJC_MSGSEND = YES;
				ENABLE_TESTABILITY = YES;
				GCC_C_LANGUAGE_STANDARD = gnu11;
				GCC_DYNAMIC_NO_PIC = NO;
				GCC_NO_COMMON_BLOCKS = YES;
				GCC_OPTIMIZATION_LEVEL = 0;
				GCC_PREPROCESSOR_DEFINITIONS = (
					"DEBUG=1",
					"$(inherited)",
				);
				GCC_WARN_64_TO_32_BIT_CONVERSION = YES;
				GCC_WARN_ABOUT_RETURN_TYPE = YES_ERROR;
				GCC_WARN_UNDECLARED_SELECTOR = YES;
				GCC_WARN_UNINITIALIZED_AUTOS = YES_AGGRESSIVE;
				GCC_WARN_UNUSED_FUNCTION = YES;
				GCC_WARN_UNUSED_VARIABLE = YES;
				IPHONEOS_DEPLOYMENT_TARGET = 13.2;
				MTL_ENABLE_DEBUG_INFO = INCLUDE_SOURCE;
				MTL_FAST_MATH = YES;
				ONLY_ACTIVE_ARCH = YES;
				SDKROOT = iphoneos;
				SWIFT_ACTIVE_COMPILATION_CONDITIONS = DEBUG;
				SWIFT_OPTIMIZATION_LEVEL = "-Onone";
			};
			name = Debug;
		};
		FBC6F1E0240D68CC008963E3 /* Release */ = {
			isa = XCBuildConfiguration;
			buildSettings = {
				ALWAYS_SEARCH_USER_PATHS = NO;
				CLANG_ANALYZER_NONNULL = YES;
				CLANG_ANALYZER_NUMBER_OBJECT_CONVERSION = YES_AGGRESSIVE;
				CLANG_CXX_LANGUAGE_STANDARD = "gnu++14";
				CLANG_CXX_LIBRARY = "libc++";
				CLANG_ENABLE_MODULES = YES;
				CLANG_ENABLE_OBJC_ARC = YES;
				CLANG_ENABLE_OBJC_WEAK = YES;
				CLANG_WARN_BLOCK_CAPTURE_AUTORELEASING = YES;
				CLANG_WARN_BOOL_CONVERSION = YES;
				CLANG_WARN_COMMA = YES;
				CLANG_WARN_CONSTANT_CONVERSION = YES;
				CLANG_WARN_DEPRECATED_OBJC_IMPLEMENTATIONS = YES;
				CLANG_WARN_DIRECT_OBJC_ISA_USAGE = YES_ERROR;
				CLANG_WARN_DOCUMENTATION_COMMENTS = YES;
				CLANG_WARN_EMPTY_BODY = YES;
				CLANG_WARN_ENUM_CONVERSION = YES;
				CLANG_WARN_INFINITE_RECURSION = YES;
				CLANG_WARN_INT_CONVERSION = YES;
				CLANG_WARN_NON_LITERAL_NULL_CONVERSION = YES;
				CLANG_WARN_OBJC_IMPLICIT_RETAIN_SELF = YES;
				CLANG_WARN_OBJC_LITERAL_CONVERSION = YES;
				CLANG_WARN_OBJC_ROOT_CLASS = YES_ERROR;
				CLANG_WARN_RANGE_LOOP_ANALYSIS = YES;
				CLANG_WARN_STRICT_PROTOTYPES = YES;
				CLANG_WARN_SUSPICIOUS_MOVE = YES;
				CLANG_WARN_UNGUARDED_AVAILABILITY = YES_AGGRESSIVE;
				CLANG_WARN_UNREACHABLE_CODE = YES;
				CLANG_WARN__DUPLICATE_METHOD_MATCH = YES;
				COPY_PHASE_STRIP = NO;
				DEBUG_INFORMATION_FORMAT = "dwarf-with-dsym";
				ENABLE_NS_ASSERTIONS = NO;
				ENABLE_STRICT_OBJC_MSGSEND = YES;
				GCC_C_LANGUAGE_STANDARD = gnu11;
				GCC_NO_COMMON_BLOCKS = YES;
				GCC_WARN_64_TO_32_BIT_CONVERSION = YES;
				GCC_WARN_ABOUT_RETURN_TYPE = YES_ERROR;
				GCC_WARN_UNDECLARED_SELECTOR = YES;
				GCC_WARN_UNINITIALIZED_AUTOS = YES_AGGRESSIVE;
				GCC_WARN_UNUSED_FUNCTION = YES;
				GCC_WARN_UNUSED_VARIABLE = YES;
				IPHONEOS_DEPLOYMENT_TARGET = 13.2;
				MTL_ENABLE_DEBUG_INFO = NO;
				MTL_FAST_MATH = YES;
				SDKROOT = iphoneos;
				SWIFT_COMPILATION_MODE = wholemodule;
				SWIFT_OPTIMIZATION_LEVEL = "-O";
				VALIDATE_PRODUCT = YES;
			};
			name = Release;
		};
		FBC6F1E2240D68CC008963E3 /* Debug */ = {
			isa = XCBuildConfiguration;
			buildSettings = {
				ASSETCATALOG_COMPILER_APPICON_NAME = AppIcon;
				CODE_SIGN_STYLE = Automatic;
				INFOPLIST_FILE = appTableView/Info.plist;
				LD_RUNPATH_SEARCH_PATHS = (
					"$(inherited)",
					"@executable_path/Frameworks",
				);
				PRODUCT_BUNDLE_IDENTIFIER = mx.itesm.appTableView;
				PRODUCT_NAME = "$(TARGET_NAME)";
				SWIFT_VERSION = 5.0;
				TARGETED_DEVICE_FAMILY = "1,2";
			};
			name = Debug;
		};
		FBC6F1E3240D68CC008963E3 /* Release */ = {
			isa = XCBuildConfiguration;
			buildSettings = {
				ASSETCATALOG_COMPILER_APPICON_NAME = AppIcon;
				CODE_SIGN_STYLE = Automatic;
				INFOPLIST_FILE = appTableView/Info.plist;
				LD_RUNPATH_SEARCH_PATHS = (
					"$(inherited)",
					"@executable_path/Frameworks",
				);
				PRODUCT_BUNDLE_IDENTIFIER = mx.itesm.appTableView;
				PRODUCT_NAME = "$(TARGET_NAME)";
				SWIFT_VERSION = 5.0;
				TARGETED_DEVICE_FAMILY = "1,2";
			};
			name = Release;
		};
/* End XCBuildConfiguration section */

/* Begin XCConfigurationList section */
		FBC6F1C8240D68CB008963E3 /* Build configuration list for PBXProject "appTableView" */ = {
			isa = XCConfigurationList;
			buildConfigurations = (
				FBC6F1DF240D68CC008963E3 /* Debug */,
				FBC6F1E0240D68CC008963E3 /* Release */,
			);
			defaultConfigurationIsVisible = 0;
			defaultConfigurationName = Release;
		};
		FBC6F1E1240D68CC008963E3 /* Build configuration list for PBXNativeTarget "appTableView" */ = {
			isa = XCConfigurationList;
			buildConfigurations = (
				FBC6F1E2240D68CC008963E3 /* Debug */,
				FBC6F1E3240D68CC008963E3 /* Release */,
			);
			defaultConfigurationIsVisible = 0;
			defaultConfigurationName = Release;
		};
/* End XCConfigurationList section */
	};
	rootObject = FBC6F1C5240D68CB008963E3 /* Project object */;
}
