// !$*UTF8*$!
{
	archiveVersion = 1;
	classes = {
	};
	objectVersion = 50;
	objects = {

/* Begin PBXBuildFile section */
		FBFAB54923FAF5C0007410DC /* AppDelegate.swift in Sources */ = {isa = PBXBuildFile; fileRef = FBFAB54823FAF5C0007410DC /* AppDelegate.swift */; };
		FBFAB54B23FAF5C0007410DC /* SceneDelegate.swift in Sources */ = {isa = PBXBuildFile; fileRef = FBFAB54A23FAF5C0007410DC /* SceneDelegate.swift */; };
		FBFAB54D23FAF5C0007410DC /* ViewController.swift in Sources */ = {isa = PBXBuildFile; fileRef = FBFAB54C23FAF5C0007410DC /* ViewController.swift */; };
		FBFAB55023FAF5C0007410DC /* Main.storyboard in Resources */ = {isa = PBXBuildFile; fileRef = FBFAB54E23FAF5C0007410DC /* Main.storyboard */; };
		FBFAB55223FAF5C1007410DC /* Assets.xcassets in Resources */ = {isa = PBXBuildFile; fileRef = FBFAB55123FAF5C1007410DC /* Assets.xcassets */; };
		FBFAB55523FAF5C1007410DC /* LaunchScreen.storyboard in Resources */ = {isa = PBXBuildFile; fileRef = FBFAB55323FAF5C1007410DC /* LaunchScreen.storyboard */; };
/* End PBXBuildFile section */

/* Begin PBXFileReference section */
		FBFAB54523FAF5C0007410DC /* actividad1.app */ = {isa = PBXFileReference; explicitFileType = wrapper.application; includeInIndex = 0; path = actividad1.app; sourceTree = BUILT_PRODUCTS_DIR; };
		FBFAB54823FAF5C0007410DC /* AppDelegate.swift */ = {isa = PBXFileReference; lastKnownFileType = sourcecode.swift; path = AppDelegate.swift; sourceTree = "<group>"; };
		FBFAB54A23FAF5C0007410DC /* SceneDelegate.swift */ = {isa = PBXFileReference; lastKnownFileType = sourcecode.swift; path = SceneDelegate.swift; sourceTree = "<group>"; };
		FBFAB54C23FAF5C0007410DC /* ViewController.swift */ = {isa = PBXFileReference; lastKnownFileType = sourcecode.swift; path = ViewController.swift; sourceTree = "<group>"; };
		FBFAB54F23FAF5C0007410DC /* Base */ = {isa = PBXFileReference; lastKnownFileType = file.storyboard; name = Base; path = Base.lproj/Main.storyboard; sourceTree = "<group>"; };
		FBFAB55123FAF5C1007410DC /* Assets.xcassets */ = {isa = PBXFileReference; lastKnownFileType = folder.assetcatalog; path = Assets.xcassets; sourceTree = "<group>"; };
		FBFAB55423FAF5C1007410DC /* Base */ = {isa = PBXFileReference; lastKnownFileType = file.storyboard; name = Base; path = Base.lproj/LaunchScreen.storyboard; sourceTree = "<group>"; };
		FBFAB55623FAF5C1007410DC /* Info.plist */ = {isa = PBXFileReference; lastKnownFileType = text.plist.xml; path = Info.plist; sourceTree = "<group>"; };
/* End PBXFileReference section */

/* Begin PBXFrameworksBuildPhase section */
		FBFAB54223FAF5C0007410DC /* Frameworks */ = {
			isa = PBXFrameworksBuildPhase;
			buildActionMask = 2147483647;
			files = (
			);
			runOnlyForDeploymentPostprocessing = 0;
		};
/* End PBXFrameworksBuildPhase section */

/* Begin PBXGroup section */
		FBFAB53C23FAF5C0007410DC = {
			isa = PBXGroup;
			children = (
				FBFAB54723FAF5C0007410DC /* actividad1 */,
				FBFAB54623FAF5C0007410DC /* Products */,
			);
			sourceTree = "<group>";
		};
		FBFAB54623FAF5C0007410DC /* Products */ = {
			isa = PBXGroup;
			children = (
				FBFAB54523FAF5C0007410DC /* actividad1.app */,
			);
			name = Products;
			sourceTree = "<group>";
		};
		FBFAB54723FAF5C0007410DC /* actividad1 */ = {
			isa = PBXGroup;
			children = (
				FBFAB54823FAF5C0007410DC /* AppDelegate.swift */,
				FBFAB54A23FAF5C0007410DC /* SceneDelegate.swift */,
				FBFAB54C23FAF5C0007410DC /* ViewController.swift */,
				FBFAB54E23FAF5C0007410DC /* Main.storyboard */,
				FBFAB55123FAF5C1007410DC /* Assets.xcassets */,
				FBFAB55323FAF5C1007410DC /* LaunchScreen.storyboard */,
				FBFAB55623FAF5C1007410DC /* Info.plist */,
			);
			path = actividad1;
			sourceTree = "<group>";
		};
/* End PBXGroup section */

/* Begin PBXNativeTarget section */
		FBFAB54423FAF5C0007410DC /* actividad1 */ = {
			isa = PBXNativeTarget;
			buildConfigurationList = FBFAB55923FAF5C1007410DC /* Build configuration list for PBXNativeTarget "actividad1" */;
			buildPhases = (
				FBFAB54123FAF5C0007410DC /* Sources */,
				FBFAB54223FAF5C0007410DC /* Frameworks */,
				FBFAB54323FAF5C0007410DC /* Resources */,
			);
			buildRules = (
			);
			dependencies = (
			);
			name = actividad1;
			productName = actividad1;
			productReference = FBFAB54523FAF5C0007410DC /* actividad1.app */;
			productType = "com.apple.product-type.application";
		};
/* End PBXNativeTarget section */

/* Begin PBXProject section */
		FBFAB53D23FAF5C0007410DC /* Project object */ = {
			isa = PBXProject;
			attributes = {
				LastSwiftUpdateCheck = 1130;
				LastUpgradeCheck = 1130;
				ORGANIZATIONNAME = Alumno;
				TargetAttributes = {
					FBFAB54423FAF5C0007410DC = {
						CreatedOnToolsVersion = 11.3.1;
					};
				};
			};
			buildConfigurationList = FBFAB54023FAF5C0007410DC /* Build configuration list for PBXProject "actividad1" */;
			compatibilityVersion = "Xcode 9.3";
			developmentRegion = en;
			hasScannedForEncodings = 0;
			knownRegions = (
				en,
				Base,
			);
			mainGroup = FBFAB53C23FAF5C0007410DC;
			productRefGroup = FBFAB54623FAF5C0007410DC /* Products */;
			projectDirPath = "";
			projectRoot = "";
			targets = (
				FBFAB54423FAF5C0007410DC /* actividad1 */,
			);
		};
/* End PBXProject section */

/* Begin PBXResourcesBuildPhase section */
		FBFAB54323FAF5C0007410DC /* Resources */ = {
			isa = PBXResourcesBuildPhase;
			buildActionMask = 2147483647;
			files = (
				FBFAB55523FAF5C1007410DC /* LaunchScreen.storyboard in Resources */,
				FBFAB55223FAF5C1007410DC /* Assets.xcassets in Resources */,
				FBFAB55023FAF5C0007410DC /* Main.storyboard in Resources */,
			);
			runOnlyForDeploymentPostprocessing = 0;
		};
/* End PBXResourcesBuildPhase section */

/* Begin PBXSourcesBuildPhase section */
		FBFAB54123FAF5C0007410DC /* Sources */ = {
			isa = PBXSourcesBuildPhase;
			buildActionMask = 2147483647;
			files = (
				FBFAB54D23FAF5C0007410DC /* ViewController.swift in Sources */,
				FBFAB54923FAF5C0007410DC /* AppDelegate.swift in Sources */,
				FBFAB54B23FAF5C0007410DC /* SceneDelegate.swift in Sources */,
			);
			runOnlyForDeploymentPostprocessing = 0;
		};
/* End PBXSourcesBuildPhase section */

/* Begin PBXVariantGroup section */
		FBFAB54E23FAF5C0007410DC /* Main.storyboard */ = {
			isa = PBXVariantGroup;
			children = (
				FBFAB54F23FAF5C0007410DC /* Base */,
			);
			name = Main.storyboard;
			sourceTree = "<group>";
		};
		FBFAB55323FAF5C1007410DC /* LaunchScreen.storyboard */ = {
			isa = PBXVariantGroup;
			children = (
				FBFAB55423FAF5C1007410DC /* Base */,
			);
			name = LaunchScreen.storyboard;
			sourceTree = "<group>";
		};
/* End PBXVariantGroup section */

/* Begin XCBuildConfiguration section */
		FBFAB55723FAF5C1007410DC /* Debug */ = {
			isa = XCBuildConfiguration;
			buildSettings = {
				ALWAYS_SEARCH_USER_PATHS = NO;
				CLANG_ANALYZER_NONNULL = YES;
				CLANG_ANALYZER_NUMBER_OBJECT_CONVERSION = YES_AGGRESSIVE;
				CLANG_CXX_LANGUAGE_STANDARD = "gnu++14";
				CLANG_CXX_LIBRARY = "libc++";
				CLANG_ENABLE_MODULES = YES;
				CLANG_ENABLE_OBJC_ARC = YES;
				CLANG_ENABLE_OBJC_WEAK = YES;
				CLANG_WARN_BLOCK_CAPTURE_AUTORELEASING = YES;
				CLANG_WARN_BOOL_CONVERSION = YES;
				CLANG_WARN_COMMA = YES;
				CLANG_WARN_CONSTANT_CONVERSION = YES;
				CLANG_WARN_DEPRECATED_OBJC_IMPLEMENTATIONS = YES;
				CLANG_WARN_DIRECT_OBJC_ISA_USAGE = YES_ERROR;
				CLANG_WARN_DOCUMENTATION_COMMENTS = YES;
				CLANG_WARN_EMPTY_BODY = YES;
				CLANG_WARN_ENUM_CONVERSION = YES;
				CLANG_WARN_INFINITE_RECURSION = YES;
				CLANG_WARN_INT_CONVERSION = YES;
				CLANG_WARN_NON_LITERAL_NULL_CONVERSION = YES;
				CLANG_WARN_OBJC_IMPLICIT_RETAIN_SELF = YES;
				CLANG_WARN_OBJC_LITERAL_CONVERSION = YES;
				CLANG_WARN_OBJC_ROOT_CLASS = YES_ERROR;
				CLANG_WARN_RANGE_LOOP_ANALYSIS = YES;
				CLANG_WARN_STRICT_PROTOTYPES = YES;
				CLANG_WARN_SUSPICIOUS_MOVE = YES;
				CLANG_WARN_UNGUARDED_AVAILABILITY = YES_AGGRESSIVE;
				CLANG_WARN_UNREACHABLE_CODE = YES;
				CLANG_WARN__DUPLICATE_METHOD_MATCH = YES;
				COPY_PHASE_STRIP = NO;
				DEBUG_INFORMATION_FORMAT = dwarf;
				ENABLE_STRICT_OBJC_MSGSEND = YES;
				ENABLE_TESTABILITY = YES;
				GCC_C_LANGUAGE_STANDARD = gnu11;
				GCC_DYNAMIC_NO_PIC = NO;
				GCC_NO_COMMON_BLOCKS = YES;
				GCC_OPTIMIZATION_LEVEL = 0;
				GCC_PREPROCESSOR_DEFINITIONS = (
					"DEBUG=1",
					"$(inherited)",
				);
				GCC_WARN_64_TO_32_BIT_CONVERSION = YES;
				GCC_WARN_ABOUT_RETURN_TYPE = YES_ERROR;
				GCC_WARN_UNDECLARED_SELECTOR = YES;
				GCC_WARN_UNINITIALIZED_AUTOS = YES_AGGRESSIVE;
				GCC_WARN_UNUSED_FUNCTION = YES;
				GCC_WARN_UNUSED_VARIABLE = YES;
				IPHONEOS_DEPLOYMENT_TARGET = 13.2;
				MTL_ENABLE_DEBUG_INFO = INCLUDE_SOURCE;
				MTL_FAST_MATH = YES;
				ONLY_ACTIVE_ARCH = YES;
				SDKROOT = iphoneos;
				SWIFT_ACTIVE_COMPILATION_CONDITIONS = DEBUG;
				SWIFT_OPTIMIZATION_LEVEL = "-Onone";
			};
			name = Debug;
		};
		FBFAB55823FAF5C1007410DC /* Release */ = {
			isa = XCBuildConfiguration;
			buildSettings = {
				ALWAYS_SEARCH_USER_PATHS = NO;
				CLANG_ANALYZER_NONNULL = YES;
				CLANG_ANALYZER_NUMBER_OBJECT_CONVERSION = YES_AGGRESSIVE;
				CLANG_CXX_LANGUAGE_STANDARD = "gnu++14";
				CLANG_CXX_LIBRARY = "libc++";
				CLANG_ENABLE_MODULES = YES;
				CLANG_ENABLE_OBJC_ARC = YES;
				CLANG_ENABLE_OBJC_WEAK = YES;
				CLANG_WARN_BLOCK_CAPTURE_AUTORELEASING = YES;
				CLANG_WARN_BOOL_CONVERSION = YES;
				CLANG_WARN_COMMA = YES;
				CLANG_WARN_CONSTANT_CONVERSION = YES;
				CLANG_WARN_DEPRECATED_OBJC_IMPLEMENTATIONS = YES;
				CLANG_WARN_DIRECT_OBJC_ISA_USAGE = YES_ERROR;
				CLANG_WARN_DOCUMENTATION_COMMENTS = YES;
				CLANG_WARN_EMPTY_BODY = YES;
				CLANG_WARN_ENUM_CONVERSION = YES;
				CLANG_WARN_INFINITE_RECURSION = YES;
				CLANG_WARN_INT_CONVERSION = YES;
				CLANG_WARN_NON_LITERAL_NULL_CONVERSION = YES;
				CLANG_WARN_OBJC_IMPLICIT_RETAIN_SELF = YES;
				CLANG_WARN_OBJC_LITERAL_CONVERSION = YES;
				CLANG_WARN_OBJC_ROOT_CLASS = YES_ERROR;
				CLANG_WARN_RANGE_LOOP_ANALYSIS = YES;
				CLANG_WARN_STRICT_PROTOTYPES = YES;
				CLANG_WARN_SUSPICIOUS_MOVE = YES;
				CLANG_WARN_UNGUARDED_AVAILABILITY = YES_AGGRESSIVE;
				CLANG_WARN_UNREACHABLE_CODE = YES;
				CLANG_WARN__DUPLICATE_METHOD_MATCH = YES;
				COPY_PHASE_STRIP = NO;
				DEBUG_INFORMATION_FORMAT = "dwarf-with-dsym";
				ENABLE_NS_ASSERTIONS = NO;
				ENABLE_STRICT_OBJC_MSGSEND = YES;
				GCC_C_LANGUAGE_STANDARD = gnu11;
				GCC_NO_COMMON_BLOCKS = YES;
				GCC_WARN_64_TO_32_BIT_CONVERSION = YES;
				GCC_WARN_ABOUT_RETURN_TYPE = YES_ERROR;
				GCC_WARN_UNDECLARED_SELECTOR = YES;
				GCC_WARN_UNINITIALIZED_AUTOS = YES_AGGRESSIVE;
				GCC_WARN_UNUSED_FUNCTION = YES;
				GCC_WARN_UNUSED_VARIABLE = YES;
				IPHONEOS_DEPLOYMENT_TARGET = 13.2;
				MTL_ENABLE_DEBUG_INFO = NO;
				MTL_FAST_MATH = YES;
				SDKROOT = iphoneos;
				SWIFT_COMPILATION_MODE = wholemodule;
				SWIFT_OPTIMIZATION_LEVEL = "-O";
				VALIDATE_PRODUCT = YES;
			};
			name = Release;
		};
		FBFAB55A23FAF5C1007410DC /* Debug */ = {
			isa = XCBuildConfiguration;
			buildSettings = {
				ASSETCATALOG_COMPILER_APPICON_NAME = AppIcon;
				CODE_SIGN_STYLE = Automatic;
				INFOPLIST_FILE = actividad1/Info.plist;
				LD_RUNPATH_SEARCH_PATHS = (
					"$(inherited)",
					"@executable_path/Frameworks",
				);
				PRODUCT_BUNDLE_IDENTIFIER = ITESM.actividad1;
				PRODUCT_NAME = "$(TARGET_NAME)";
				SWIFT_VERSION = 5.0;
				TARGETED_DEVICE_FAMILY = "1,2";
			};
			name = Debug;
		};
		FBFAB55B23FAF5C1007410DC /* Release */ = {
			isa = XCBuildConfiguration;
			buildSettings = {
				ASSETCATALOG_COMPILER_APPICON_NAME = AppIcon;
				CODE_SIGN_STYLE = Automatic;
				INFOPLIST_FILE = actividad1/Info.plist;
				LD_RUNPATH_SEARCH_PATHS = (
					"$(inherited)",
					"@executable_path/Frameworks",
				);
				PRODUCT_BUNDLE_IDENTIFIER = ITESM.actividad1;
				PRODUCT_NAME = "$(TARGET_NAME)";
				SWIFT_VERSION = 5.0;
				TARGETED_DEVICE_FAMILY = "1,2";
			};
			name = Release;
		};
/* End XCBuildConfiguration section */

/* Begin XCConfigurationList section */
		FBFAB54023FAF5C0007410DC /* Build configuration list for PBXProject "actividad1" */ = {
			isa = XCConfigurationList;
			buildConfigurations = (
				FBFAB55723FAF5C1007410DC /* Debug */,
				FBFAB55823FAF5C1007410DC /* Release */,
			);
			defaultConfigurationIsVisible = 0;
			defaultConfigurationName = Release;
		};
		FBFAB55923FAF5C1007410DC /* Build configuration list for PBXNativeTarget "actividad1" */ = {
			isa = XCConfigurationList;
			buildConfigurations = (
				FBFAB55A23FAF5C1007410DC /* Debug */,
				FBFAB55B23FAF5C1007410DC /* Release */,
			);
			defaultConfigurationIsVisible = 0;
			defaultConfigurationName = Release;
		};
/* End XCConfigurationList section */
	};
	rootObject = FBFAB53D23FAF5C0007410DC /* Project object */;
}
