// !$*UTF8*$!
{
	archiveVersion = 1;
	classes = {
	};
	objectVersion = 50;
	objects = {

/* Begin PBXBuildFile section */
		B700ABDE2447476500BA72A1 /* AppDelegate.swift in Sources */ = {isa = PBXBuildFile; fileRef = B700ABDD2447476500BA72A1 /* AppDelegate.swift */; };
		B700ABE02447476500BA72A1 /* SceneDelegate.swift in Sources */ = {isa = PBXBuildFile; fileRef = B700ABDF2447476500BA72A1 /* SceneDelegate.swift */; };
		B700ABE22447476500BA72A1 /* ViewController.swift in Sources */ = {isa = PBXBuildFile; fileRef = B700ABE12447476500BA72A1 /* ViewController.swift */; };
		B700ABE52447476500BA72A1 /* Main.storyboard in Resources */ = {isa = PBXBuildFile; fileRef = B700ABE32447476500BA72A1 /* Main.storyboard */; };
		B700ABE72447476800BA72A1 /* Assets.xcassets in Resources */ = {isa = PBXBuildFile; fileRef = B700ABE62447476800BA72A1 /* Assets.xcassets */; };
		B700ABEA2447476800BA72A1 /* LaunchScreen.storyboard in Resources */ = {isa = PBXBuildFile; fileRef = B700ABE82447476800BA72A1 /* LaunchScreen.storyboard */; };
		B700ABF224474AB900BA72A1 /* ViewControllerSettings.swift in Sources */ = {isa = PBXBuildFile; fileRef = B700ABF124474AB900BA72A1 /* ViewControllerSettings.swift */; };
/* End PBXBuildFile section */

/* Begin PBXFileReference section */
		B700ABDA2447476500BA72A1 /* userDefaultsF20.app */ = {isa = PBXFileReference; explicitFileType = wrapper.application; includeInIndex = 0; path = userDefaultsF20.app; sourceTree = BUILT_PRODUCTS_DIR; };
		B700ABDD2447476500BA72A1 /* AppDelegate.swift */ = {isa = PBXFileReference; lastKnownFileType = sourcecode.swift; path = AppDelegate.swift; sourceTree = "<group>"; };
		B700ABDF2447476500BA72A1 /* SceneDelegate.swift */ = {isa = PBXFileReference; lastKnownFileType = sourcecode.swift; path = SceneDelegate.swift; sourceTree = "<group>"; };
		B700ABE12447476500BA72A1 /* ViewController.swift */ = {isa = PBXFileReference; lastKnownFileType = sourcecode.swift; path = ViewController.swift; sourceTree = "<group>"; };
		B700ABE42447476500BA72A1 /* Base */ = {isa = PBXFileReference; lastKnownFileType = file.storyboard; name = Base; path = Base.lproj/Main.storyboard; sourceTree = "<group>"; };
		B700ABE62447476800BA72A1 /* Assets.xcassets */ = {isa = PBXFileReference; lastKnownFileType = folder.assetcatalog; path = Assets.xcassets; sourceTree = "<group>"; };
		B700ABE92447476800BA72A1 /* Base */ = {isa = PBXFileReference; lastKnownFileType = file.storyboard; name = Base; path = Base.lproj/LaunchScreen.storyboard; sourceTree = "<group>"; };
		B700ABEB2447476800BA72A1 /* Info.plist */ = {isa = PBXFileReference; lastKnownFileType = text.plist.xml; path = Info.plist; sourceTree = "<group>"; };
		B700ABF124474AB900BA72A1 /* ViewControllerSettings.swift */ = {isa = PBXFileReference; lastKnownFileType = sourcecode.swift; path = ViewControllerSettings.swift; sourceTree = "<group>"; };
/* End PBXFileReference section */

/* Begin PBXFrameworksBuildPhase section */
		B700ABD72447476500BA72A1 /* Frameworks */ = {
			isa = PBXFrameworksBuildPhase;
			buildActionMask = 2147483647;
			files = (
			);
			runOnlyForDeploymentPostprocessing = 0;
		};
/* End PBXFrameworksBuildPhase section */

/* Begin PBXGroup section */
		B700ABD12447476500BA72A1 = {
			isa = PBXGroup;
			children = (
				B700ABDC2447476500BA72A1 /* userDefaultsF20 */,
				B700ABDB2447476500BA72A1 /* Products */,
			);
			sourceTree = "<group>";
		};
		B700ABDB2447476500BA72A1 /* Products */ = {
			isa = PBXGroup;
			children = (
				B700ABDA2447476500BA72A1 /* userDefaultsF20.app */,
			);
			name = Products;
			sourceTree = "<group>";
		};
		B700ABDC2447476500BA72A1 /* userDefaultsF20 */ = {
			isa = PBXGroup;
			children = (
				B700ABDD2447476500BA72A1 /* AppDelegate.swift */,
				B700ABDF2447476500BA72A1 /* SceneDelegate.swift */,
				B700ABE12447476500BA72A1 /* ViewController.swift */,
				B700ABE32447476500BA72A1 /* Main.storyboard */,
				B700ABF124474AB900BA72A1 /* ViewControllerSettings.swift */,
				B700ABE62447476800BA72A1 /* Assets.xcassets */,
				B700ABE82447476800BA72A1 /* LaunchScreen.storyboard */,
				B700ABEB2447476800BA72A1 /* Info.plist */,
			);
			path = userDefaultsF20;
			sourceTree = "<group>";
		};
/* End PBXGroup section */

/* Begin PBXNativeTarget section */
		B700ABD92447476500BA72A1 /* userDefaultsF20 */ = {
			isa = PBXNativeTarget;
			buildConfigurationList = B700ABEE2447476800BA72A1 /* Build configuration list for PBXNativeTarget "userDefaultsF20" */;
			buildPhases = (
				B700ABD62447476500BA72A1 /* Sources */,
				B700ABD72447476500BA72A1 /* Frameworks */,
				B700ABD82447476500BA72A1 /* Resources */,
			);
			buildRules = (
			);
			dependencies = (
			);
			name = userDefaultsF20;
			productName = userDefaultsF20;
			productReference = B700ABDA2447476500BA72A1 /* userDefaultsF20.app */;
			productType = "com.apple.product-type.application";
		};
/* End PBXNativeTarget section */

/* Begin PBXProject section */
		B700ABD22447476500BA72A1 /* Project object */ = {
			isa = PBXProject;
			attributes = {
				LastSwiftUpdateCheck = 1130;
				LastUpgradeCheck = 1130;
				ORGANIZATIONNAME = com.itesm;
				TargetAttributes = {
					B700ABD92447476500BA72A1 = {
						CreatedOnToolsVersion = 11.3.1;
					};
				};
			};
			buildConfigurationList = B700ABD52447476500BA72A1 /* Build configuration list for PBXProject "userDefaultsF20" */;
			compatibilityVersion = "Xcode 9.3";
			developmentRegion = en;
			hasScannedForEncodings = 0;
			knownRegions = (
				en,
				Base,
			);
			mainGroup = B700ABD12447476500BA72A1;
			productRefGroup = B700ABDB2447476500BA72A1 /* Products */;
			projectDirPath = "";
			projectRoot = "";
			targets = (
				B700ABD92447476500BA72A1 /* userDefaultsF20 */,
			);
		};
/* End PBXProject section */

/* Begin PBXResourcesBuildPhase section */
		B700ABD82447476500BA72A1 /* Resources */ = {
			isa = PBXResourcesBuildPhase;
			buildActionMask = 2147483647;
			files = (
				B700ABEA2447476800BA72A1 /* LaunchScreen.storyboard in Resources */,
				B700ABE72447476800BA72A1 /* Assets.xcassets in Resources */,
				B700ABE52447476500BA72A1 /* Main.storyboard in Resources */,
			);
			runOnlyForDeploymentPostprocessing = 0;
		};
/* End PBXResourcesBuildPhase section */

/* Begin PBXSourcesBuildPhase section */
		B700ABD62447476500BA72A1 /* Sources */ = {
			isa = PBXSourcesBuildPhase;
			buildActionMask = 2147483647;
			files = (
				B700ABE22447476500BA72A1 /* ViewController.swift in Sources */,
				B700ABDE2447476500BA72A1 /* AppDelegate.swift in Sources */,
				B700ABE02447476500BA72A1 /* SceneDelegate.swift in Sources */,
				B700ABF224474AB900BA72A1 /* ViewControllerSettings.swift in Sources */,
			);
			runOnlyForDeploymentPostprocessing = 0;
		};
/* End PBXSourcesBuildPhase section */

/* Begin PBXVariantGroup section */
		B700ABE32447476500BA72A1 /* Main.storyboard */ = {
			isa = PBXVariantGroup;
			children = (
				B700ABE42447476500BA72A1 /* Base */,
			);
			name = Main.storyboard;
			sourceTree = "<group>";
		};
		B700ABE82447476800BA72A1 /* LaunchScreen.storyboard */ = {
			isa = PBXVariantGroup;
			children = (
				B700ABE92447476800BA72A1 /* Base */,
			);
			name = LaunchScreen.storyboard;
			sourceTree = "<group>";
		};
/* End PBXVariantGroup section */

/* Begin XCBuildConfiguration section */
		B700ABEC2447476800BA72A1 /* Debug */ = {
			isa = XCBuildConfiguration;
			buildSettings = {
				ALWAYS_SEARCH_USER_PATHS = NO;
				CLANG_ANALYZER_NONNULL = YES;
				CLANG_ANALYZER_NUMBER_OBJECT_CONVERSION = YES_AGGRESSIVE;
				CLANG_CXX_LANGUAGE_STANDARD = "gnu++14";
				CLANG_CXX_LIBRARY = "libc++";
				CLANG_ENABLE_MODULES = YES;
				CLANG_ENABLE_OBJC_ARC = YES;
				CLANG_ENABLE_OBJC_WEAK = YES;
				CLANG_WARN_BLOCK_CAPTURE_AUTORELEASING = YES;
				CLANG_WARN_BOOL_CONVERSION = YES;
				CLANG_WARN_COMMA = YES;
				CLANG_WARN_CONSTANT_CONVERSION = YES;
				CLANG_WARN_DEPRECATED_OBJC_IMPLEMENTATIONS = YES;
				CLANG_WARN_DIRECT_OBJC_ISA_USAGE = YES_ERROR;
				CLANG_WARN_DOCUMENTATION_COMMENTS = YES;
				CLANG_WARN_EMPTY_BODY = YES;
				CLANG_WARN_ENUM_CONVERSION = YES;
				CLANG_WARN_INFINITE_RECURSION = YES;
				CLANG_WARN_INT_CONVERSION = YES;
				CLANG_WARN_NON_LITERAL_NULL_CONVERSION = YES;
				CLANG_WARN_OBJC_IMPLICIT_RETAIN_SELF = YES;
				CLANG_WARN_OBJC_LITERAL_CONVERSION = YES;
				CLANG_WARN_OBJC_ROOT_CLASS = YES_ERROR;
				CLANG_WARN_RANGE_LOOP_ANALYSIS = YES;
				CLANG_WARN_STRICT_PROTOTYPES = YES;
				CLANG_WARN_SUSPICIOUS_MOVE = YES;
				CLANG_WARN_UNGUARDED_AVAILABILITY = YES_AGGRESSIVE;
				CLANG_WARN_UNREACHABLE_CODE = YES;
				CLANG_WARN__DUPLICATE_METHOD_MATCH = YES;
				COPY_PHASE_STRIP = NO;
				DEBUG_INFORMATION_FORMAT = dwarf;
				ENABLE_STRICT_OBJC_MSGSEND = YES;
				ENABLE_TESTABILITY = YES;
				GCC_C_LANGUAGE_STANDARD = gnu11;
				GCC_DYNAMIC_NO_PIC = NO;
				GCC_NO_COMMON_BLOCKS = YES;
				GCC_OPTIMIZATION_LEVEL = 0;
				GCC_PREPROCESSOR_DEFINITIONS = (
					"DEBUG=1",
					"$(inherited)",
				);
				GCC_WARN_64_TO_32_BIT_CONVERSION = YES;
				GCC_WARN_ABOUT_RETURN_TYPE = YES_ERROR;
				GCC_WARN_UNDECLARED_SELECTOR = YES;
				GCC_WARN_UNINITIALIZED_AUTOS = YES_AGGRESSIVE;
				GCC_WARN_UNUSED_FUNCTION = YES;
				GCC_WARN_UNUSED_VARIABLE = YES;
				IPHONEOS_DEPLOYMENT_TARGET = 13.2;
				MTL_ENABLE_DEBUG_INFO = INCLUDE_SOURCE;
				MTL_FAST_MATH = YES;
				ONLY_ACTIVE_ARCH = YES;
				SDKROOT = iphoneos;
				SWIFT_ACTIVE_COMPILATION_CONDITIONS = DEBUG;
				SWIFT_OPTIMIZATION_LEVEL = "-Onone";
			};
			name = Debug;
		};
		B700ABED2447476800BA72A1 /* Release */ = {
			isa = XCBuildConfiguration;
			buildSettings = {
				ALWAYS_SEARCH_USER_PATHS = NO;
				CLANG_ANALYZER_NONNULL = YES;
				CLANG_ANALYZER_NUMBER_OBJECT_CONVERSION = YES_AGGRESSIVE;
				CLANG_CXX_LANGUAGE_STANDARD = "gnu++14";
				CLANG_CXX_LIBRARY = "libc++";
				CLANG_ENABLE_MODULES = YES;
				CLANG_ENABLE_OBJC_ARC = YES;
				CLANG_ENABLE_OBJC_WEAK = YES;
				CLANG_WARN_BLOCK_CAPTURE_AUTORELEASING = YES;
				CLANG_WARN_BOOL_CONVERSION = YES;
				CLANG_WARN_COMMA = YES;
				CLANG_WARN_CONSTANT_CONVERSION = YES;
				CLANG_WARN_DEPRECATED_OBJC_IMPLEMENTATIONS = YES;
				CLANG_WARN_DIRECT_OBJC_ISA_USAGE = YES_ERROR;
				CLANG_WARN_DOCUMENTATION_COMMENTS = YES;
				CLANG_WARN_EMPTY_BODY = YES;
				CLANG_WARN_ENUM_CONVERSION = YES;
				CLANG_WARN_INFINITE_RECURSION = YES;
				CLANG_WARN_INT_CONVERSION = YES;
				CLANG_WARN_NON_LITERAL_NULL_CONVERSION = YES;
				CLANG_WARN_OBJC_IMPLICIT_RETAIN_SELF = YES;
				CLANG_WARN_OBJC_LITERAL_CONVERSION = YES;
				CLANG_WARN_OBJC_ROOT_CLASS = YES_ERROR;
				CLANG_WARN_RANGE_LOOP_ANALYSIS = YES;
				CLANG_WARN_STRICT_PROTOTYPES = YES;
				CLANG_WARN_SUSPICIOUS_MOVE = YES;
				CLANG_WARN_UNGUARDED_AVAILABILITY = YES_AGGRESSIVE;
				CLANG_WARN_UNREACHABLE_CODE = YES;
				CLANG_WARN__DUPLICATE_METHOD_MATCH = YES;
				COPY_PHASE_STRIP = NO;
				DEBUG_INFORMATION_FORMAT = "dwarf-with-dsym";
				ENABLE_NS_ASSERTIONS = NO;
				ENABLE_STRICT_OBJC_MSGSEND = YES;
				GCC_C_LANGUAGE_STANDARD = gnu11;
				GCC_NO_COMMON_BLOCKS = YES;
				GCC_WARN_64_TO_32_BIT_CONVERSION = YES;
				GCC_WARN_ABOUT_RETURN_TYPE = YES_ERROR;
				GCC_WARN_UNDECLARED_SELECTOR = YES;
				GCC_WARN_UNINITIALIZED_AUTOS = YES_AGGRESSIVE;
				GCC_WARN_UNUSED_FUNCTION = YES;
				GCC_WARN_UNUSED_VARIABLE = YES;
				IPHONEOS_DEPLOYMENT_TARGET = 13.2;
				MTL_ENABLE_DEBUG_INFO = NO;
				MTL_FAST_MATH = YES;
				SDKROOT = iphoneos;
				SWIFT_COMPILATION_MODE = wholemodule;
				SWIFT_OPTIMIZATION_LEVEL = "-O";
				VALIDATE_PRODUCT = YES;
			};
			name = Release;
		};
		B700ABEF2447476800BA72A1 /* Debug */ = {
			isa = XCBuildConfiguration;
			buildSettings = {
				ASSETCATALOG_COMPILER_APPICON_NAME = AppIcon;
				CODE_SIGN_STYLE = Automatic;
				DEVELOPMENT_TEAM = TX3A2YEYCD;
				INFOPLIST_FILE = userDefaultsF20/Info.plist;
				IPHONEOS_DEPLOYMENT_TARGET = 13.1;
				LD_RUNPATH_SEARCH_PATHS = (
					"$(inherited)",
					"@executable_path/Frameworks",
				);
				PRODUCT_BUNDLE_IDENTIFIER = ITESM.userDefaultsF20;
				PRODUCT_NAME = "$(TARGET_NAME)";
				SWIFT_VERSION = 5.0;
				TARGETED_DEVICE_FAMILY = "1,2";
			};
			name = Debug;
		};
		B700ABF02447476800BA72A1 /* Release */ = {
			isa = XCBuildConfiguration;
			buildSettings = {
				ASSETCATALOG_COMPILER_APPICON_NAME = AppIcon;
				CODE_SIGN_STYLE = Automatic;
				DEVELOPMENT_TEAM = TX3A2YEYCD;
				INFOPLIST_FILE = userDefaultsF20/Info.plist;
				IPHONEOS_DEPLOYMENT_TARGET = 13.1;
				LD_RUNPATH_SEARCH_PATHS = (
					"$(inherited)",
					"@executable_path/Frameworks",
				);
				PRODUCT_BUNDLE_IDENTIFIER = ITESM.userDefaultsF20;
				PRODUCT_NAME = "$(TARGET_NAME)";
				SWIFT_VERSION = 5.0;
				TARGETED_DEVICE_FAMILY = "1,2";
			};
			name = Release;
		};
/* End XCBuildConfiguration section */

/* Begin XCConfigurationList section */
		B700ABD52447476500BA72A1 /* Build configuration list for PBXProject "userDefaultsF20" */ = {
			isa = XCConfigurationList;
			buildConfigurations = (
				B700ABEC2447476800BA72A1 /* Debug */,
				B700ABED2447476800BA72A1 /* Release */,
			);
			defaultConfigurationIsVisible = 0;
			defaultConfigurationName = Release;
		};
		B700ABEE2447476800BA72A1 /* Build configuration list for PBXNativeTarget "userDefaultsF20" */ = {
			isa = XCConfigurationList;
			buildConfigurations = (
				B700ABEF2447476800BA72A1 /* Debug */,
				B700ABF02447476800BA72A1 /* Release */,
			);
			defaultConfigurationIsVisible = 0;
			defaultConfigurationName = Release;
		};
/* End XCConfigurationList section */
	};
	rootObject = B700ABD22447476500BA72A1 /* Project object */;
}
